# This file is automatically @generated by Cargo.
# It is not intended for manual editing.
version = 4

[[package]]
name = "pb-ai"
version = "0.1.0"
dependencies = [
 "pb-core",
 "pb-rng",
 "pb-rules",
 "pb-sim",
]

[[package]]
name = "pb-app"
version = "0.1.0"
dependencies = [
 "pb-ai",
 "pb-audio",
 "pb-content",
 "pb-core",
 "pb-render",
 "pb-rng",
 "pb-rules",
 "pb-save",
 "pb-sim",
]

[[package]]
name = "pb-audio"
version = "0.1.0"
dependencies = [
 "pb-core",
]

[[package]]
name = "pb-cli"
version = "0.1.0"
dependencies = [
 "pb-ai",
 "pb-audio",
 "pb-content",
 "pb-core",
 "pb-render",
 "pb-rng",
 "pb-rules",
 "pb-save",
 "pb-sim",
]

[[package]]
name = "pb-content"
version = "0.1.0"
dependencies = [
 "pb-core",
 "pb-rules",
]

[[package]]
name = "pb-core"
version = "0.1.0"

[[package]]
name = "pb-render"
version = "0.1.0"
dependencies = [
 "pb-content",
 "pb-core",
 "pb-sim",
]

[[package]]
name = "pb-rng"
version = "0.1.0"
dependencies = [
 "pb-core",
]

[[package]]
name = "pb-rules"
version = "0.1.0"
dependencies = [
 "pb-core",
 "pb-rng",
]

[[package]]
name = "pb-save"
version = "0.1.0"
dependencies = [
 "pb-content",
 "pb-core",
 "pb-sim",
]

[[package]]
name = "pb-sim"
version = "0.1.0"
dependencies = [
 "pb-core",
 "pb-rng",
 "pb-rules",
]

[[package]]
name = "pb-tools"
version = "0.1.0"
dependencies = [
 "pb-content",
 "pb-core",
 "pb-rules",
]
